PODS:
  - Anchors (2.5.0)
  - Omnia (3.0.0)

DEPENDENCIES:
  - Anchors
  - Omnia

SPEC REPOS:
  https://github.com/cocoapods/specs.git:
    - Anchors
    - Omnia

SPEC CHECKSUMS:
  Anchors: c039992ebab2fa53deccac429031a46debfbdc5a
  Omnia: 6dcb30832bd69ec18b981bbb8d66f066c38c35eb

PODFILE CHECKSUM: ee362afd777842c855da1425ab5e2fd14aad2856

COCOAPODS: 1.6.2
